{
  "version": 1,
  "dependencies": {
    ".NETCoreApp,Version=v3.1": {
      "Grpc.AspNetCore": {
        "type": "Direct",
        "requested": "[2.30.0, )",
        "resolved": "2.30.0",
        "contentHash": "jomJsVMnYCCfeOSxi/0lfXr+iMKbZz9OlHTEB/QyHXW0RoBgUsJww7Yt+ZQ19Fdu2CW72/Y5hSOUeP3e1X4sZg==",
        "dependencies": {
          "Google.Protobuf": "3.12.2",
          "Grpc.AspNetCore.Server.ClientFactory": "2.30.0",
          "Grpc.Tools": "2.30.0-pre1"
        }
      },
      "Npgsql.EntityFrameworkCore.PostgreSQL": {
        "type": "Direct",
        "requested": "[3.1.4, )",
        "resolved": "3.1.4",
        "contentHash": "T+BIWO+ceje5d52/sOwwqaU/F4Rm2jAWx5qA3+pUGbzY/ZXG0QbHQsyjyg0k8aef6JTq8FRk3FtRWkocsa1QWQ==",
        "dependencies": {
          "Microsoft.EntityFrameworkCore": "3.1.4",
          "Microsoft.EntityFrameworkCore.Abstractions": "3.1.4",
          "Microsoft.EntityFrameworkCore.Relational": "3.1.4",
          "Npgsql": "4.1.3.1"
        }
      },
      "Google.Protobuf": {
        "type": "Transitive",
        "resolved": "3.12.2",
        "contentHash": "8JZLQ9UGwBltiGF6EfFaHa2NG1IlNzadyi4d+9rCjGa8/M+beummP4BRY1vFl1i4Wm8kicEC22Shm8ecQmjaYQ==",
        "dependencies": {
          "System.Memory": "4.5.2"
        }
      },
      "Grpc.AspNetCore.Server": {
        "type": "Transitive",
        "resolved": "2.30.0",
        "contentHash": "GlNV4/mzNMwGU4qbjlVAGugTloc2AGB+wuEZ99aTcf23VHTXMDy8gR1RKU027diUmNHMV10EEM3kKRyJvNbq6w==",
        "dependencies": {
          "Grpc.Net.Common": "2.30.0"
        }
      },
      "Grpc.AspNetCore.Server.ClientFactory": {
        "type": "Transitive",
        "resolved": "2.30.0",
        "contentHash": "F7S5WCX0o5wVkFRDt6bGiZQCaYbxtDiQt2wU53rK3pLDDSHv5WxbwV2Wc8zBgjGHgqxcCOwAcRup6GUm311TcQ==",
        "dependencies": {
          "Grpc.AspNetCore.Server": "2.30.0",
          "Grpc.Net.ClientFactory": "2.30.0"
        }
      },
      "Grpc.Core.Api": {
        "type": "Transitive",
        "resolved": "2.30.0-pre1",
        "contentHash": "FO/Xg/9aJDpK9bXcWrw1A0VGhns/eID5arIco1p1Zoc/PomIfv54w5l8ik7K9hKejieZnC1NWZ8tPo5ckOKgCA==",
        "dependencies": {
          "System.Memory": "4.5.3"
        }
      },
      "Grpc.Net.Client": {
        "type": "Transitive",
        "resolved": "2.30.0",
        "contentHash": "LfvnO3ahboj2V2perNryvExSrD5On89N1C7+K83kmLhoCHhNe/PURjcrg3o4wjOxfN9YjzB8RnTXn99Pw5RPQA==",
        "dependencies": {
          "Grpc.Net.Common": "2.30.0",
          "Microsoft.Extensions.Logging.Abstractions": "2.1.1",
          "System.Diagnostics.DiagnosticSource": "4.5.1"
        }
      },
      "Grpc.Net.ClientFactory": {
        "type": "Transitive",
        "resolved": "2.30.0",
        "contentHash": "tsbCWb5wfl1vcKFQ+liY8V3WvSAit1YxzGwjjBqAv5jgF0Y+4tjj9JhfDeCMdTeOqYf9GS1GCRC7ToYu9sVLhA==",
        "dependencies": {
          "Grpc.Net.Client": "2.30.0",
          "Microsoft.Extensions.Http": "2.1.1"
        }
      },
      "Grpc.Net.Common": {
        "type": "Transitive",
        "resolved": "2.30.0",
        "contentHash": "WGEaQQ5dVMaEJPk6wGuiTZKxNpWG5xonjbzEldPHfy4rNuIk8XyX57hp2GfjqFqfeYjxBpwE7XMGJc9T6dnZ+Q==",
        "dependencies": {
          "Grpc.Core.Api": "2.30.0-pre1"
        }
      },
      "Grpc.Tools": {
        "type": "Transitive",
        "resolved": "2.30.0-pre1",
        "contentHash": "1HCOFW1Z/7KHDmQM9G5YMO612FeH523zUoD4l6xThIEZQeC5Mx47YsNpLQjzCdDr6y039vVi1+ApnJUAwS8TjQ=="
      },
      "Microsoft.Bcl.AsyncInterfaces": {
        "type": "Transitive",
        "resolved": "1.1.1",
        "contentHash": "yuvf07qFWFqtK3P/MRkEKLhn5r2UbSpVueRziSqj0yJQIKFwG1pq9mOayK3zE5qZCTs0CbrwL9M6R8VwqyGy2w=="
      },
      "Microsoft.Bcl.HashCode": {
        "type": "Transitive",
        "resolved": "1.1.0",
        "contentHash": "J2G1k+u5unBV+aYcwxo94ip16Rkp65pgWFb0R6zwJipzWNMgvqlWeuI7/+R+e8bob66LnSG+llLJ+z8wI94cHg=="
      },
      "Microsoft.EntityFrameworkCore": {
        "type": "Transitive",
        "resolved": "3.1.6",
        "contentHash": "aVZkLXdkh2l+uo/wQnMpf8dQNwbH/OFTt+7lm3wGNol3c4GBe8hONl20c2nITvR2Uz8o6PRcgn9IQaro3Bw4uA==",
        "dependencies": {
          "Microsoft.Bcl.AsyncInterfaces": "1.1.1",
          "Microsoft.Bcl.HashCode": "1.1.0",
          "Microsoft.EntityFrameworkCore.Abstractions": "3.1.6",
          "Microsoft.EntityFrameworkCore.Analyzers": "3.1.6",
          "Microsoft.Extensions.Caching.Memory": "3.1.6",
          "Microsoft.Extensions.DependencyInjection": "3.1.6",
          "Microsoft.Extensions.Logging": "3.1.6",
          "System.Collections.Immutable": "1.7.1",
          "System.ComponentModel.Annotations": "4.7.0",
          "System.Diagnostics.DiagnosticSource": "4.7.1"
        }
      },
      "Microsoft.EntityFrameworkCore.Abstractions": {
        "type": "Transitive",
        "resolved": "3.1.6",
        "contentHash": "/0KbwRa+ct3gm2XtU8aB985mfb4sCCo1JEPxATfonyP7wWKlqlCZ0UCbd1x8kRCvS/FE31EYz7fVCh+RwE2gKQ=="
      },
      "Microsoft.EntityFrameworkCore.Analyzers": {
        "type": "Transitive",
        "resolved": "3.1.6",
        "contentHash": "jMT1DW9fywG6VUeQM/yvHM7cp0s/KMdKW4nkgcy138lu2+3dhKtJiib9GziDn5JiuuutDtXqAvedaZCOcbEhnQ=="
      },
      "Microsoft.EntityFrameworkCore.Relational": {
        "type": "Transitive",
        "resolved": "3.1.4",
        "contentHash": "EBLO/szy1MYxcoWOOsqG+u2L2Akofd7o1W2jlKTekF+l2ZSqqCV0WSTh7Eb/7o1RFSJON+I0PQBRBVAJFgFtBA==",
        "dependencies": {
          "Microsoft.EntityFrameworkCore": "3.1.4"
        }
      },
      "Microsoft.Extensions.Caching.Abstractions": {
        "type": "Transitive",
        "resolved": "3.1.6",
        "contentHash": "kWeicPkk3/9pISki/e08TijBeKYfcEWyoEummcuvYWmTp2UZbke34owzBF8m+nzWZvIV4puIfbUAEm6eOOJypA==",
        "dependencies": {
          "Microsoft.Extensions.Primitives": "3.1.6"
        }
      },
      "Microsoft.Extensions.Caching.Memory": {
        "type": "Transitive",
        "resolved": "3.1.6",
        "contentHash": "//6V0iayS6rwssKsZkm7jW472GOntCbYCL1fXXqzUn6Z3ppf+Eop06xuaz1wAyed0y6KtvsQcq7ye3K1CCwNzw==",
        "dependencies": {
          "Microsoft.Extensions.Caching.Abstractions": "3.1.6",
          "Microsoft.Extensions.DependencyInjection.Abstractions": "3.1.6",
          "Microsoft.Extensions.Logging.Abstractions": "3.1.6",
          "Microsoft.Extensions.Options": "3.1.6"
        }
      },
      "Microsoft.Extensions.Configuration": {
        "type": "Transitive",
        "resolved": "3.1.6",
        "contentHash": "gphCAywKC+ye1XdL+8Nv2Pd5b1Fn2yx7DekB4GQPCKaPyK94T9Tb+Sfk/iNdaDKtDl4vwidMI0w2AnoXtvofsw==",
        "dependencies": {
          "Microsoft.Extensions.Configuration.Abstractions": "3.1.6"
        }
      },
      "Microsoft.Extensions.Configuration.Abstractions": {
        "type": "Transitive",
        "resolved": "3.1.6",
        "contentHash": "Z7QAA7XFvYuGZCKsfzetdIq0Vj1ngiIzCBBqerlQMhewx1ZFLXHuvKx9xAIWeZqhuQv69VmFs3vO0Af9FDAa9Q==",
        "dependencies": {
          "Microsoft.Extensions.Primitives": "3.1.6"
        }
      },
      "Microsoft.Extensions.Configuration.Binder": {
        "type": "Transitive",
        "resolved": "3.1.6",
        "contentHash": "ZEEuo0TEQE+a/+l4EB/KdsjVt9bIee37c74C7Q+lLiP6WiPuBytP4EmxPYwrTB/oQX8sm9W3KvVGE5WW6oaNPg==",
        "dependencies": {
          "Microsoft.Extensions.Configuration": "3.1.6"
        }
      },
      "Microsoft.Extensions.DependencyInjection": {
        "type": "Transitive",
        "resolved": "3.1.6",
        "contentHash": "YMJWflBmBc0PbqYvt3m4ueSCgV51JLfqHhyunoVq0rBs9V4sVQw5JsPTB17bIrlHFJs2pt2olgfavOOvuGwoRg==",
        "dependencies": {
          "Microsoft.Extensions.DependencyInjection.Abstractions": "3.1.6"
        }
      },
      "Microsoft.Extensions.DependencyInjection.Abstractions": {
        "type": "Transitive",
        "resolved": "3.1.6",
        "contentHash": "JVlypPjlPqOEyAhET6pA7TqrK+Ya8TrYe2vvqsp62TYKS87oNuReoS7XpDFW0rrOsQo66G1yYf3K0E+lJHFHuw=="
      },
      "Microsoft.Extensions.Http": {
        "type": "Transitive",
        "resolved": "2.1.1",
        "contentHash": "GOly249seL3HL2+lgfLWHirsggRwK4EmSa6zUb+sPbgXHN+f9w/y/6XV3DPjYjtyt3v38FkPTD6odPcJJKtvlg==",
        "dependencies": {
          "Microsoft.Extensions.DependencyInjection.Abstractions": "2.1.1",
          "Microsoft.Extensions.Logging": "2.1.1",
          "Microsoft.Extensions.Options": "2.1.1"
        }
      },
      "Microsoft.Extensions.Logging": {
        "type": "Transitive",
        "resolved": "3.1.6",
        "contentHash": "qZH7iTdJn+kS/DWzQgQWMGMHBv+SqzuJB14G9tKAR2w3b6Wzn4ClAK3LGsc2l/cwBW3At1OJT/jBAal4Qm5Rjw==",
        "dependencies": {
          "Microsoft.Extensions.Configuration.Binder": "3.1.6",
          "Microsoft.Extensions.DependencyInjection": "3.1.6",
          "Microsoft.Extensions.Logging.Abstractions": "3.1.6",
          "Microsoft.Extensions.Options": "3.1.6"
        }
      },
      "Microsoft.Extensions.Logging.Abstractions": {
        "type": "Transitive",
        "resolved": "3.1.6",
        "contentHash": "o2XYIjF9UugupEPvFsc9N8SjevixoRznS0V6EtjUZcGV4EjXXWKUXlKKsIWmD3i4dSiGo82aNcyqfQTsF/8h8g=="
      },
      "Microsoft.Extensions.Options": {
        "type": "Transitive",
        "resolved": "3.1.6",
        "contentHash": "6nBkdL9UxCfA8eDuFBZVYAYpJhux0a6R7y58KcYnqKEYF84X9cK1uJQ9a+VWEWGXujMa4fnCGoVdKNYhANqbZg==",
        "dependencies": {
          "Microsoft.Extensions.DependencyInjection.Abstractions": "3.1.6",
          "Microsoft.Extensions.Primitives": "3.1.6"
        }
      },
      "Microsoft.Extensions.Primitives": {
        "type": "Transitive",
        "resolved": "3.1.6",
        "contentHash": "X+h3tO383iMbtFxYp6Al4pgBzbfQKJY8/gd4U7+sZy90XeSfnw5SwHyCiRrAePG6kee4zCGsvQHPCqaTZ876hw=="
      },
      "Npgsql": {
        "type": "Transitive",
        "resolved": "4.1.3.1",
        "contentHash": "354pl/Picmt5/AIrm8urFwtxfK4n4NbmfBnLA9yvP8VtILSQF3/sFo3+lGuz+q4iyD18QeNFy0NMNBzsocFVlw==",
        "dependencies": {
          "System.Runtime.CompilerServices.Unsafe": "4.6.0"
        }
      },
      "System.Collections.Immutable": {
        "type": "Transitive",
        "resolved": "1.7.1",
        "contentHash": "B43Zsz5EfMwyEbnObwRxW5u85fzJma3lrDeGcSAV1qkhSRTNY5uXAByTn9h9ddNdhM+4/YoLc/CI43umjwIl9Q=="
      },
      "System.ComponentModel.Annotations": {
        "type": "Transitive",
        "resolved": "4.7.0",
        "contentHash": "0YFqjhp/mYkDGpU0Ye1GjE53HMp9UVfGN7seGpAMttAC0C40v5gw598jCgpbBLMmCo0E5YRLBv5Z2doypO49ZQ=="
      },
      "System.Diagnostics.DiagnosticSource": {
        "type": "Transitive",
        "resolved": "4.7.1",
        "contentHash": "j81Lovt90PDAq8kLpaJfJKV/rWdWuEk6jfV+MBkee33vzYLEUsy4gXK8laa9V2nZlLM9VM9yA/OOQxxPEJKAMw=="
      },
      "System.Memory": {
        "type": "Transitive",
        "resolved": "4.5.3",
        "contentHash": "3oDzvc/zzetpTKWMShs1AADwZjQ/36HnsufHRPcOjyRAAMLDlu2iD33MBI2opxnezcVUtXyqDXXjoFMOU9c7SA=="
      },
      "System.Runtime.CompilerServices.Unsafe": {
        "type": "Transitive",
        "resolved": "4.6.0",
        "contentHash": "HxozeSlipUK7dAroTYwIcGwKDeOVpQnJlpVaOkBz7CM4TsE5b/tKlQBZecTjh6FzcSbxndYaxxpsBMz+wMJeyw=="
      },
      "rvtr.lodging.datacontext": {
        "type": "Project",
        "dependencies": {
          "Microsoft.EntityFrameworkCore": "3.1.6",
          "RVTR.Lodging.ObjectModel": "1.0.0",
          "npgsql.entityframeworkcore.postgresql": "3.1.4"
        }
      },
      "rvtr.lodging.objectmodel": {
        "type": "Project",
        "dependencies": {
          "system.componentmodel.annotations": "4.7.0"
        }
      }
    }
  }
}